
Microsoft Visual Studio Solution File, Format Version 12.00
# Visual Studio 2013
VisualStudioVersion = 12.0.31101.0
MinimumVisualStudioVersion = 10.0.40219.1
Project("{FAE04EC0-301F-11D3-BF4B-00C04F79EFBC}") = "AsyncLogic", "AsyncLogic\AsyncLogic.csproj", "{C2006763-546E-436A-B6CE-A5F1F8AD6160}"
EndProject
Project("{FAE04EC0-301F-11D3-BF4B-00C04F79EFBC}") = "AsyncLogicTest", "AsyncLogicTest\AsyncLogicTest.csproj", "{4C08BF6A-0C09-42D9-AAC7-A01F39B0DDCF}"
EndProject
Global
	GlobalSection(SolutionConfigurationPlatforms) = preSolution
		Debug|Any CPU = Debug|Any CPU
		Release|Any CPU = Release|Any CPU
	EndGlobalSection
	GlobalSection(ProjectConfigurationPlatforms) = postSolution
		{C2006763-546E-436A-B6CE-A5F1F8AD6160}.Debug|Any CPU.ActiveCfg = Debug|Any CPU
		{C2006763-546E-436A-B6CE-A5F1F8AD6160}.Debug|Any CPU.Build.0 = Debug|Any CPU
		{C2006763-546E-436A-B6CE-A5F1F8AD6160}.Release|Any CPU.ActiveCfg = Release|Any CPU
		{C2006763-546E-436A-B6CE-A5F1F8AD6160}.Release|Any CPU.Build.0 = Release|Any CPU
		{4C08BF6A-0C09-42D9-AAC7-A01F39B0DDCF}.Debug|Any CPU.ActiveCfg = Debug|Any CPU
		{4C08BF6A-0C09-42D9-AAC7-A01F39B0DDCF}.Debug|Any CPU.Build.0 = Debug|Any CPU
		{4C08BF6A-0C09-42D9-AAC7-A01F39B0DDCF}.Release|Any CPU.ActiveCfg = Release|Any CPU
		{4C08BF6A-0C09-42D9-AAC7-A01F39B0DDCF}.Release|Any CPU.Build.0 = Release|Any CPU
	EndGlobalSection
	GlobalSection(SolutionProperties) = preSolution
		HideSolutionNode = FALSE
	EndGlobalSection
EndGlobal
